{
  "name": "thevoltadvise",
  "version": "1.0.0",
  "lockfileVersion": 1,
  "dependencies": {
    "live-server": {
      "version": "1.2.2",
      "resolved": "https://registry.npmjs.org/live-server/-/live-server-1.2.2.tgz",
      "integrity": "sha512-8NBGgFZP6h3NRQml/UuRniHqYYTyGKvHDQ61QtpHpddmnYVs5fSo1PqMXK6H3/tAEd7C1BbC7cWZPUp+HcNBFw==",
      "dev": true
    }
  }
}
